// !$*UTF8*$!
{
	archiveVersion = 1;
	classes = {
	};
	objectVersion = 50;
	objects = {

/* Begin PBXBuildFile section */
		772A65D12462BC310081CD93 /* Extensions.swift in Sources */ = {isa = PBXBuildFile; fileRef = 772A65D02462BC310081CD93 /* Extensions.swift */; };
		772A65D32462CCB00081CD93 /* NewCell.swift in Sources */ = {isa = PBXBuildFile; fileRef = 772A65D22462CCB00081CD93 /* NewCell.swift */; };
		772A65D52462CD260081CD93 /* New.swift in Sources */ = {isa = PBXBuildFile; fileRef = 772A65D42462CD260081CD93 /* New.swift */; };
		772A65D72462DB740081CD93 /* Lesson.swift in Sources */ = {isa = PBXBuildFile; fileRef = 772A65D62462DB740081CD93 /* Lesson.swift */; };
		772A65D92462DBAC0081CD93 /* ProfileController.swift in Sources */ = {isa = PBXBuildFile; fileRef = 772A65D82462DBAC0081CD93 /* ProfileController.swift */; };
		772A65DB2462DF170081CD93 /* LessonCell.swift in Sources */ = {isa = PBXBuildFile; fileRef = 772A65DA2462DF170081CD93 /* LessonCell.swift */; };
		772A65DF2462E6230081CD93 /* NewsService.swift in Sources */ = {isa = PBXBuildFile; fileRef = 772A65DE2462E6230081CD93 /* NewsService.swift */; };
		7793A853245F3D0600A5E33F /* AppDelegate.swift in Sources */ = {isa = PBXBuildFile; fileRef = 7793A852245F3D0600A5E33F /* AppDelegate.swift */; };
		7793A855245F3D0600A5E33F /* SceneDelegate.swift in Sources */ = {isa = PBXBuildFile; fileRef = 7793A854245F3D0600A5E33F /* SceneDelegate.swift */; };
		7793A857245F3D0600A5E33F /* NewsController.swift in Sources */ = {isa = PBXBuildFile; fileRef = 7793A856245F3D0600A5E33F /* NewsController.swift */; };
		7793A859245F3D0600A5E33F /* JournalController.swift in Sources */ = {isa = PBXBuildFile; fileRef = 7793A858245F3D0600A5E33F /* JournalController.swift */; };
		7793A85C245F3D0600A5E33F /* Main.storyboard in Resources */ = {isa = PBXBuildFile; fileRef = 7793A85A245F3D0600A5E33F /* Main.storyboard */; };
		7793A85E245F3D0700A5E33F /* Assets.xcassets in Resources */ = {isa = PBXBuildFile; fileRef = 7793A85D245F3D0700A5E33F /* Assets.xcassets */; };
		7793A861245F3D0700A5E33F /* LaunchScreen.storyboard in Resources */ = {isa = PBXBuildFile; fileRef = 7793A85F245F3D0700A5E33F /* LaunchScreen.storyboard */; };
		7793A869245F3DDD00A5E33F /* ChatController.swift in Sources */ = {isa = PBXBuildFile; fileRef = 7793A868245F3DDD00A5E33F /* ChatController.swift */; };
/* End PBXBuildFile section */

/* Begin PBXFileReference section */
		772A65D02462BC310081CD93 /* Extensions.swift */ = {isa = PBXFileReference; lastKnownFileType = sourcecode.swift; path = Extensions.swift; sourceTree = "<group>"; };
		772A65D22462CCB00081CD93 /* NewCell.swift */ = {isa = PBXFileReference; lastKnownFileType = sourcecode.swift; path = NewCell.swift; sourceTree = "<group>"; };
		772A65D42462CD260081CD93 /* New.swift */ = {isa = PBXFileReference; lastKnownFileType = sourcecode.swift; path = New.swift; sourceTree = "<group>"; };
		772A65D62462DB740081CD93 /* Lesson.swift */ = {isa = PBXFileReference; lastKnownFileType = sourcecode.swift; path = Lesson.swift; sourceTree = "<group>"; };
		772A65D82462DBAC0081CD93 /* ProfileController.swift */ = {isa = PBXFileReference; lastKnownFileType = sourcecode.swift; path = ProfileController.swift; sourceTree = "<group>"; };
		772A65DA2462DF170081CD93 /* LessonCell.swift */ = {isa = PBXFileReference; lastKnownFileType = sourcecode.swift; path = LessonCell.swift; sourceTree = "<group>"; };
		772A65DE2462E6230081CD93 /* NewsService.swift */ = {isa = PBXFileReference; lastKnownFileType = sourcecode.swift; path = NewsService.swift; sourceTree = "<group>"; };
		7793A84F245F3D0600A5E33F /* Mercury.app */ = {isa = PBXFileReference; explicitFileType = wrapper.application; includeInIndex = 0; path = Mercury.app; sourceTree = BUILT_PRODUCTS_DIR; };
		7793A852245F3D0600A5E33F /* AppDelegate.swift */ = {isa = PBXFileReference; lastKnownFileType = sourcecode.swift; path = AppDelegate.swift; sourceTree = "<group>"; };
		7793A854245F3D0600A5E33F /* SceneDelegate.swift */ = {isa = PBXFileReference; lastKnownFileType = sourcecode.swift; path = SceneDelegate.swift; sourceTree = "<group>"; };
		7793A856245F3D0600A5E33F /* NewsController.swift */ = {isa = PBXFileReference; lastKnownFileType = sourcecode.swift; path = NewsController.swift; sourceTree = "<group>"; };
		7793A858245F3D0600A5E33F /* JournalController.swift */ = {isa = PBXFileReference; lastKnownFileType = sourcecode.swift; path = JournalController.swift; sourceTree = "<group>"; };
		7793A85B245F3D0600A5E33F /* Base */ = {isa = PBXFileReference; lastKnownFileType = file.storyboard; name = Base; path = Base.lproj/Main.storyboard; sourceTree = "<group>"; };
		7793A85D245F3D0700A5E33F /* Assets.xcassets */ = {isa = PBXFileReference; lastKnownFileType = folder.assetcatalog; path = Assets.xcassets; sourceTree = "<group>"; };
		7793A860245F3D0700A5E33F /* Base */ = {isa = PBXFileReference; lastKnownFileType = file.storyboard; name = Base; path = Base.lproj/LaunchScreen.storyboard; sourceTree = "<group>"; };
		7793A862245F3D0700A5E33F /* Info.plist */ = {isa = PBXFileReference; lastKnownFileType = text.plist.xml; path = Info.plist; sourceTree = "<group>"; };
		7793A868245F3DDD00A5E33F /* ChatController.swift */ = {isa = PBXFileReference; lastKnownFileType = sourcecode.swift; path = ChatController.swift; sourceTree = "<group>"; };
/* End PBXFileReference section */

/* Begin PBXFrameworksBuildPhase section */
		7793A84C245F3D0600A5E33F /* Frameworks */ = {
			isa = PBXFrameworksBuildPhase;
			buildActionMask = 2147483647;
			files = (
			);
			runOnlyForDeploymentPostprocessing = 0;
		};
/* End PBXFrameworksBuildPhase section */

/* Begin PBXGroup section */
		772A65CA2462BBDF0081CD93 /* Model */ = {
			isa = PBXGroup;
			children = (
				772A65D42462CD260081CD93 /* New.swift */,
				772A65D62462DB740081CD93 /* Lesson.swift */,
			);
			path = Model;
			sourceTree = "<group>";
		};
		772A65CB2462BBE90081CD93 /* View */ = {
			isa = PBXGroup;
			children = (
				772A65D22462CCB00081CD93 /* NewCell.swift */,
				772A65DA2462DF170081CD93 /* LessonCell.swift */,
			);
			path = View;
			sourceTree = "<group>";
		};
		772A65CC2462BBF00081CD93 /* ViewModel */ = {
			isa = PBXGroup;
			children = (
			);
			path = ViewModel;
			sourceTree = "<group>";
		};
		772A65CD2462BBF60081CD93 /* Controller */ = {
			isa = PBXGroup;
			children = (
				7793A856245F3D0600A5E33F /* NewsController.swift */,
				7793A858245F3D0600A5E33F /* JournalController.swift */,
				7793A868245F3DDD00A5E33F /* ChatController.swift */,
				772A65D82462DBAC0081CD93 /* ProfileController.swift */,
			);
			path = Controller;
			sourceTree = "<group>";
		};
		772A65CE2462BBFC0081CD93 /* API */ = {
			isa = PBXGroup;
			children = (
				772A65DE2462E6230081CD93 /* NewsService.swift */,
			);
			path = API;
			sourceTree = "<group>";
		};
		772A65CF2462BC040081CD93 /* Utils */ = {
			isa = PBXGroup;
			children = (
				772A65D02462BC310081CD93 /* Extensions.swift */,
			);
			path = Utils;
			sourceTree = "<group>";
		};
		7793A846245F3D0600A5E33F = {
			isa = PBXGroup;
			children = (
				7793A851245F3D0600A5E33F /* Mercury */,
				7793A850245F3D0600A5E33F /* Products */,
			);
			sourceTree = "<group>";
		};
		7793A850245F3D0600A5E33F /* Products */ = {
			isa = PBXGroup;
			children = (
				7793A84F245F3D0600A5E33F /* Mercury.app */,
			);
			name = Products;
			sourceTree = "<group>";
		};
		7793A851245F3D0600A5E33F /* Mercury */ = {
			isa = PBXGroup;
			children = (
				772A65CA2462BBDF0081CD93 /* Model */,
				772A65CB2462BBE90081CD93 /* View */,
				772A65CC2462BBF00081CD93 /* ViewModel */,
				772A65CD2462BBF60081CD93 /* Controller */,
				772A65CE2462BBFC0081CD93 /* API */,
				772A65CF2462BC040081CD93 /* Utils */,
				7793A852245F3D0600A5E33F /* AppDelegate.swift */,
				7793A854245F3D0600A5E33F /* SceneDelegate.swift */,
				7793A85A245F3D0600A5E33F /* Main.storyboard */,
				7793A85D245F3D0700A5E33F /* Assets.xcassets */,
				7793A85F245F3D0700A5E33F /* LaunchScreen.storyboard */,
				7793A862245F3D0700A5E33F /* Info.plist */,
			);
			path = Mercury;
			sourceTree = "<group>";
		};
/* End PBXGroup section */

/* Begin PBXNativeTarget section */
		7793A84E245F3D0600A5E33F /* Mercury */ = {
			isa = PBXNativeTarget;
			buildConfigurationList = 7793A865245F3D0700A5E33F /* Build configuration list for PBXNativeTarget "Mercury" */;
			buildPhases = (
				7793A84B245F3D0600A5E33F /* Sources */,
				7793A84C245F3D0600A5E33F /* Frameworks */,
				7793A84D245F3D0600A5E33F /* Resources */,
			);
			buildRules = (
			);
			dependencies = (
			);
			name = Mercury;
			productName = Mercury;
			productReference = 7793A84F245F3D0600A5E33F /* Mercury.app */;
			productType = "com.apple.product-type.application";
		};
/* End PBXNativeTarget section */

/* Begin PBXProject section */
		7793A847245F3D0600A5E33F /* Project object */ = {
			isa = PBXProject;
			attributes = {
				LastSwiftUpdateCheck = 1120;
				LastUpgradeCheck = 1120;
				ORGANIZATIONNAME = "Andrey Grechko";
				TargetAttributes = {
					7793A84E245F3D0600A5E33F = {
						CreatedOnToolsVersion = 11.2.1;
					};
				};
			};
			buildConfigurationList = 7793A84A245F3D0600A5E33F /* Build configuration list for PBXProject "Mercury" */;
			compatibilityVersion = "Xcode 9.3";
			developmentRegion = en;
			hasScannedForEncodings = 0;
			knownRegions = (
				en,
				Base,
			);
			mainGroup = 7793A846245F3D0600A5E33F;
			productRefGroup = 7793A850245F3D0600A5E33F /* Products */;
			projectDirPath = "";
			projectRoot = "";
			targets = (
				7793A84E245F3D0600A5E33F /* Mercury */,
			);
		};
/* End PBXProject section */

/* Begin PBXResourcesBuildPhase section */
		7793A84D245F3D0600A5E33F /* Resources */ = {
			isa = PBXResourcesBuildPhase;
			buildActionMask = 2147483647;
			files = (
				7793A861245F3D0700A5E33F /* LaunchScreen.storyboard in Resources */,
				7793A85E245F3D0700A5E33F /* Assets.xcassets in Resources */,
				7793A85C245F3D0600A5E33F /* Main.storyboard in Resources */,
			);
			runOnlyForDeploymentPostprocessing = 0;
		};
/* End PBXResourcesBuildPhase section */

/* Begin PBXSourcesBuildPhase section */
		7793A84B245F3D0600A5E33F /* Sources */ = {
			isa = PBXSourcesBuildPhase;
			buildActionMask = 2147483647;
			files = (
				772A65D72462DB740081CD93 /* Lesson.swift in Sources */,
				7793A859245F3D0600A5E33F /* JournalController.swift in Sources */,
				772A65D12462BC310081CD93 /* Extensions.swift in Sources */,
				772A65D32462CCB00081CD93 /* NewCell.swift in Sources */,
				7793A857245F3D0600A5E33F /* NewsController.swift in Sources */,
				772A65DB2462DF170081CD93 /* LessonCell.swift in Sources */,
				772A65DF2462E6230081CD93 /* NewsService.swift in Sources */,
				772A65D92462DBAC0081CD93 /* ProfileController.swift in Sources */,
				7793A869245F3DDD00A5E33F /* ChatController.swift in Sources */,
				7793A853245F3D0600A5E33F /* AppDelegate.swift in Sources */,
				772A65D52462CD260081CD93 /* New.swift in Sources */,
				7793A855245F3D0600A5E33F /* SceneDelegate.swift in Sources */,
			);
			runOnlyForDeploymentPostprocessing = 0;
		};
/* End PBXSourcesBuildPhase section */

/* Begin PBXVariantGroup section */
		7793A85A245F3D0600A5E33F /* Main.storyboard */ = {
			isa = PBXVariantGroup;
			children = (
				7793A85B245F3D0600A5E33F /* Base */,
			);
			name = Main.storyboard;
			sourceTree = "<group>";
		};
		7793A85F245F3D0700A5E33F /* LaunchScreen.storyboard */ = {
			isa = PBXVariantGroup;
			children = (
				7793A860245F3D0700A5E33F /* Base */,
			);
			name = LaunchScreen.storyboard;
			sourceTree = "<group>";
		};
/* End PBXVariantGroup section */

/* Begin XCBuildConfiguration section */
		7793A863245F3D0700A5E33F /* Debug */ = {
			isa = XCBuildConfiguration;
			buildSettings = {
				ALWAYS_SEARCH_USER_PATHS = NO;
				CLANG_ANALYZER_NONNULL = YES;
				CLANG_ANALYZER_NUMBER_OBJECT_CONVERSION = YES_AGGRESSIVE;
				CLANG_CXX_LANGUAGE_STANDARD = "gnu++14";
				CLANG_CXX_LIBRARY = "libc++";
				CLANG_ENABLE_MODULES = YES;
				CLANG_ENABLE_OBJC_ARC = YES;
				CLANG_ENABLE_OBJC_WEAK = YES;
				CLANG_WARN_BLOCK_CAPTURE_AUTORELEASING = YES;
				CLANG_WARN_BOOL_CONVERSION = YES;
				CLANG_WARN_COMMA = YES;
				CLANG_WARN_CONSTANT_CONVERSION = YES;
				CLANG_WARN_DEPRECATED_OBJC_IMPLEMENTATIONS = YES;
				CLANG_WARN_DIRECT_OBJC_ISA_USAGE = YES_ERROR;
				CLANG_WARN_DOCUMENTATION_COMMENTS = YES;
				CLANG_WARN_EMPTY_BODY = YES;
				CLANG_WARN_ENUM_CONVERSION = YES;
				CLANG_WARN_INFINITE_RECURSION = YES;
				CLANG_WARN_INT_CONVERSION = YES;
				CLANG_WARN_NON_LITERAL_NULL_CONVERSION = YES;
				CLANG_WARN_OBJC_IMPLICIT_RETAIN_SELF = YES;
				CLANG_WARN_OBJC_LITERAL_CONVERSION = YES;
				CLANG_WARN_OBJC_ROOT_CLASS = YES_ERROR;
				CLANG_WARN_RANGE_LOOP_ANALYSIS = YES;
				CLANG_WARN_STRICT_PROTOTYPES = YES;
				CLANG_WARN_SUSPICIOUS_MOVE = YES;
				CLANG_WARN_UNGUARDED_AVAILABILITY = YES_AGGRESSIVE;
				CLANG_WARN_UNREACHABLE_CODE = YES;
				CLANG_WARN__DUPLICATE_METHOD_MATCH = YES;
				COPY_PHASE_STRIP = NO;
				DEBUG_INFORMATION_FORMAT = dwarf;
				ENABLE_STRICT_OBJC_MSGSEND = YES;
				ENABLE_TESTABILITY = YES;
				GCC_C_LANGUAGE_STANDARD = gnu11;
				GCC_DYNAMIC_NO_PIC = NO;
				GCC_NO_COMMON_BLOCKS = YES;
				GCC_OPTIMIZATION_LEVEL = 0;
				GCC_PREPROCESSOR_DEFINITIONS = (
					"DEBUG=1",
					"$(inherited)",
				);
				GCC_WARN_64_TO_32_BIT_CONVERSION = YES;
				GCC_WARN_ABOUT_RETURN_TYPE = YES_ERROR;
				GCC_WARN_UNDECLARED_SELECTOR = YES;
				GCC_WARN_UNINITIALIZED_AUTOS = YES_AGGRESSIVE;
				GCC_WARN_UNUSED_FUNCTION = YES;
				GCC_WARN_UNUSED_VARIABLE = YES;
				IPHONEOS_DEPLOYMENT_TARGET = 13.2;
				MTL_ENABLE_DEBUG_INFO = INCLUDE_SOURCE;
				MTL_FAST_MATH = YES;
				ONLY_ACTIVE_ARCH = YES;
				SDKROOT = iphoneos;
				SWIFT_ACTIVE_COMPILATION_CONDITIONS = DEBUG;
				SWIFT_OPTIMIZATION_LEVEL = "-Onone";
			};
			name = Debug;
		};
		7793A864245F3D0700A5E33F /* Release */ = {
			isa = XCBuildConfiguration;
			buildSettings = {
				ALWAYS_SEARCH_USER_PATHS = NO;
				CLANG_ANALYZER_NONNULL = YES;
				CLANG_ANALYZER_NUMBER_OBJECT_CONVERSION = YES_AGGRESSIVE;
				CLANG_CXX_LANGUAGE_STANDARD = "gnu++14";
				CLANG_CXX_LIBRARY = "libc++";
				CLANG_ENABLE_MODULES = YES;
				CLANG_ENABLE_OBJC_ARC = YES;
				CLANG_ENABLE_OBJC_WEAK = YES;
				CLANG_WARN_BLOCK_CAPTURE_AUTORELEASING = YES;
				CLANG_WARN_BOOL_CONVERSION = YES;
				CLANG_WARN_COMMA = YES;
				CLANG_WARN_CONSTANT_CONVERSION = YES;
				CLANG_WARN_DEPRECATED_OBJC_IMPLEMENTATIONS = YES;
				CLANG_WARN_DIRECT_OBJC_ISA_USAGE = YES_ERROR;
				CLANG_WARN_DOCUMENTATION_COMMENTS = YES;
				CLANG_WARN_EMPTY_BODY = YES;
				CLANG_WARN_ENUM_CONVERSION = YES;
				CLANG_WARN_INFINITE_RECURSION = YES;
				CLANG_WARN_INT_CONVERSION = YES;
				CLANG_WARN_NON_LITERAL_NULL_CONVERSION = YES;
				CLANG_WARN_OBJC_IMPLICIT_RETAIN_SELF = YES;
				CLANG_WARN_OBJC_LITERAL_CONVERSION = YES;
				CLANG_WARN_OBJC_ROOT_CLASS = YES_ERROR;
				CLANG_WARN_RANGE_LOOP_ANALYSIS = YES;
				CLANG_WARN_STRICT_PROTOTYPES = YES;
				CLANG_WARN_SUSPICIOUS_MOVE = YES;
				CLANG_WARN_UNGUARDED_AVAILABILITY = YES_AGGRESSIVE;
				CLANG_WARN_UNREACHABLE_CODE = YES;
				CLANG_WARN__DUPLICATE_METHOD_MATCH = YES;
				COPY_PHASE_STRIP = NO;
				DEBUG_INFORMATION_FORMAT = "dwarf-with-dsym";
				ENABLE_NS_ASSERTIONS = NO;
				ENABLE_STRICT_OBJC_MSGSEND = YES;
				GCC_C_LANGUAGE_STANDARD = gnu11;
				GCC_NO_COMMON_BLOCKS = YES;
				GCC_WARN_64_TO_32_BIT_CONVERSION = YES;
				GCC_WARN_ABOUT_RETURN_TYPE = YES_ERROR;
				GCC_WARN_UNDECLARED_SELECTOR = YES;
				GCC_WARN_UNINITIALIZED_AUTOS = YES_AGGRESSIVE;
				GCC_WARN_UNUSED_FUNCTION = YES;
				GCC_WARN_UNUSED_VARIABLE = YES;
				IPHONEOS_DEPLOYMENT_TARGET = 13.2;
				MTL_ENABLE_DEBUG_INFO = NO;
				MTL_FAST_MATH = YES;
				SDKROOT = iphoneos;
				SWIFT_COMPILATION_MODE = wholemodule;
				SWIFT_OPTIMIZATION_LEVEL = "-O";
				VALIDATE_PRODUCT = YES;
			};
			name = Release;
		};
		7793A866245F3D0700A5E33F /* Debug */ = {
			isa = XCBuildConfiguration;
			buildSettings = {
				ASSETCATALOG_COMPILER_APPICON_NAME = AppIcon;
				CODE_SIGN_STYLE = Automatic;
				DEVELOPMENT_TEAM = 3U5874UVBC;
				INFOPLIST_FILE = Mercury/Info.plist;
				IPHONEOS_DEPLOYMENT_TARGET = 13.0;
				LD_RUNPATH_SEARCH_PATHS = (
					"$(inherited)",
					"@executable_path/Frameworks",
				);
				PRODUCT_BUNDLE_IDENTIFIER = Anco.Mercury;
				PRODUCT_NAME = "$(TARGET_NAME)";
				SWIFT_VERSION = 5.0;
				TARGETED_DEVICE_FAMILY = "1,2";
			};
			name = Debug;
		};
		7793A867245F3D0700A5E33F /* Release */ = {
			isa = XCBuildConfiguration;
			buildSettings = {
				ASSETCATALOG_COMPILER_APPICON_NAME = AppIcon;
				CODE_SIGN_STYLE = Automatic;
				DEVELOPMENT_TEAM = 3U5874UVBC;
				INFOPLIST_FILE = Mercury/Info.plist;
				IPHONEOS_DEPLOYMENT_TARGET = 13.0;
				LD_RUNPATH_SEARCH_PATHS = (
					"$(inherited)",
					"@executable_path/Frameworks",
				);
				PRODUCT_BUNDLE_IDENTIFIER = Anco.Mercury;
				PRODUCT_NAME = "$(TARGET_NAME)";
				SWIFT_VERSION = 5.0;
				TARGETED_DEVICE_FAMILY = "1,2";
			};
			name = Release;
		};
/* End XCBuildConfiguration section */

/* Begin XCConfigurationList section */
		7793A84A245F3D0600A5E33F /* Build configuration list for PBXProject "Mercury" */ = {
			isa = XCConfigurationList;
			buildConfigurations = (
				7793A863245F3D0700A5E33F /* Debug */,
				7793A864245F3D0700A5E33F /* Release */,
			);
			defaultConfigurationIsVisible = 0;
			defaultConfigurationName = Release;
		};
		7793A865245F3D0700A5E33F /* Build configuration list for PBXNativeTarget "Mercury" */ = {
			isa = XCConfigurationList;
			buildConfigurations = (
				7793A866245F3D0700A5E33F /* Debug */,
				7793A867245F3D0700A5E33F /* Release */,
			);
			defaultConfigurationIsVisible = 0;
			defaultConfigurationName = Release;
		};
/* End XCConfigurationList section */
	};
	rootObject = 7793A847245F3D0600A5E33F /* Project object */;
}
